
Microsoft Visual Studio Solution File, Format Version 12.00
# Visual Studio 15
VisualStudioVersion = 15.0.28307.1300
MinimumVisualStudioVersion = 10.0.40219.1
Project("{FAE04EC0-301F-11D3-BF4B-00C04F79EFBC}") = "AlgorithmsConsole", "App1\AlgorithmsConsole.csproj", "{FA74398D-9AF9-4C8B-BF1D-25C56DC1DDDD}"
EndProject
Project("{FAE04EC0-301F-11D3-BF4B-00C04F79EFBC}") = "AlgorithmsVizualizator", "AlgorithmsVizualizator\AlgorithmsVizualizator.csproj", "{DA43B1D8-D93E-46E3-B62E-63714B605B78}"
EndProject
Project("{2150E333-8FDC-42A3-9474-1A3956D46DE8}") = "Source code", "Source code", "{C6706B28-9106-47B6-8E7F-33ED5E5E3F22}"
EndProject
Project("{9A19103F-16F7-4668-BE54-9A1E7A4F7556}") = "Algorithms", "Source code\Algorithms\Algorithms.csproj", "{0CBEBFAF-316D-4486-8B43-9EF4DD7A21FA}"
EndProject
Project("{9A19103F-16F7-4668-BE54-9A1E7A4F7556}") = "Algorithms.Tests", "Source code\Algorithms.Tests\Algorithms.Tests.csproj", "{20D1D66A-DCD1-449C-A55E-A9778C90BA4A}"
EndProject
Project("{9A19103F-16F7-4668-BE54-9A1E7A4F7556}") = "DataStructures", "Source code\DataStructures\DataStructures.csproj", "{F593AF7C-2F5F-4CE0-A7D1-7795B3BF8FFB}"
EndProject
Project("{9A19103F-16F7-4668-BE54-9A1E7A4F7556}") = "DataStructures.Tests", "Source code\DataStructures.Tests\DataStructures.Tests.csproj", "{8399552D-204D-4D95-A0DE-B0C6BE6642CC}"
EndProject
Project("{9A19103F-16F7-4668-BE54-9A1E7A4F7556}") = "Utilities", "Source code\Utilities\Utilities.csproj", "{46070A65-392F-4864-AC1C-F5331BAAD27D}"
EndProject
Project("{9A19103F-16F7-4668-BE54-9A1E7A4F7556}") = "Utilities.Tests", "Source code\Utilities.Tests\Utilities.Tests.csproj", "{A94EC12D-0693-459E-88DE-A26A4358F351}"
EndProject
Global
	GlobalSection(SolutionConfigurationPlatforms) = preSolution
		Debug|Any CPU = Debug|Any CPU
		Release|Any CPU = Release|Any CPU
	EndGlobalSection
	GlobalSection(ProjectConfigurationPlatforms) = postSolution
		{FA74398D-9AF9-4C8B-BF1D-25C56DC1DDDD}.Debug|Any CPU.ActiveCfg = Debug|Any CPU
		{FA74398D-9AF9-4C8B-BF1D-25C56DC1DDDD}.Debug|Any CPU.Build.0 = Debug|Any CPU
		{FA74398D-9AF9-4C8B-BF1D-25C56DC1DDDD}.Release|Any CPU.ActiveCfg = Release|Any CPU
		{FA74398D-9AF9-4C8B-BF1D-25C56DC1DDDD}.Release|Any CPU.Build.0 = Release|Any CPU
		{DA43B1D8-D93E-46E3-B62E-63714B605B78}.Debug|Any CPU.ActiveCfg = Debug|Any CPU
		{DA43B1D8-D93E-46E3-B62E-63714B605B78}.Debug|Any CPU.Build.0 = Debug|Any CPU
		{DA43B1D8-D93E-46E3-B62E-63714B605B78}.Release|Any CPU.ActiveCfg = Release|Any CPU
		{DA43B1D8-D93E-46E3-B62E-63714B605B78}.Release|Any CPU.Build.0 = Release|Any CPU
		{0CBEBFAF-316D-4486-8B43-9EF4DD7A21FA}.Debug|Any CPU.ActiveCfg = Debug|Any CPU
		{0CBEBFAF-316D-4486-8B43-9EF4DD7A21FA}.Debug|Any CPU.Build.0 = Debug|Any CPU
		{0CBEBFAF-316D-4486-8B43-9EF4DD7A21FA}.Release|Any CPU.ActiveCfg = Release|Any CPU
		{0CBEBFAF-316D-4486-8B43-9EF4DD7A21FA}.Release|Any CPU.Build.0 = Release|Any CPU
		{20D1D66A-DCD1-449C-A55E-A9778C90BA4A}.Debug|Any CPU.ActiveCfg = Debug|Any CPU
		{20D1D66A-DCD1-449C-A55E-A9778C90BA4A}.Debug|Any CPU.Build.0 = Debug|Any CPU
		{20D1D66A-DCD1-449C-A55E-A9778C90BA4A}.Release|Any CPU.ActiveCfg = Release|Any CPU
		{20D1D66A-DCD1-449C-A55E-A9778C90BA4A}.Release|Any CPU.Build.0 = Release|Any CPU
		{F593AF7C-2F5F-4CE0-A7D1-7795B3BF8FFB}.Debug|Any CPU.ActiveCfg = Debug|Any CPU
		{F593AF7C-2F5F-4CE0-A7D1-7795B3BF8FFB}.Debug|Any CPU.Build.0 = Debug|Any CPU
		{F593AF7C-2F5F-4CE0-A7D1-7795B3BF8FFB}.Release|Any CPU.ActiveCfg = Release|Any CPU
		{F593AF7C-2F5F-4CE0-A7D1-7795B3BF8FFB}.Release|Any CPU.Build.0 = Release|Any CPU
		{8399552D-204D-4D95-A0DE-B0C6BE6642CC}.Debug|Any CPU.ActiveCfg = Debug|Any CPU
		{8399552D-204D-4D95-A0DE-B0C6BE6642CC}.Debug|Any CPU.Build.0 = Debug|Any CPU
		{8399552D-204D-4D95-A0DE-B0C6BE6642CC}.Release|Any CPU.ActiveCfg = Release|Any CPU
		{8399552D-204D-4D95-A0DE-B0C6BE6642CC}.Release|Any CPU.Build.0 = Release|Any CPU
		{46070A65-392F-4864-AC1C-F5331BAAD27D}.Debug|Any CPU.ActiveCfg = Debug|Any CPU
		{46070A65-392F-4864-AC1C-F5331BAAD27D}.Debug|Any CPU.Build.0 = Debug|Any CPU
		{46070A65-392F-4864-AC1C-F5331BAAD27D}.Release|Any CPU.ActiveCfg = Release|Any CPU
		{46070A65-392F-4864-AC1C-F5331BAAD27D}.Release|Any CPU.Build.0 = Release|Any CPU
		{A94EC12D-0693-459E-88DE-A26A4358F351}.Debug|Any CPU.ActiveCfg = Debug|Any CPU
		{A94EC12D-0693-459E-88DE-A26A4358F351}.Debug|Any CPU.Build.0 = Debug|Any CPU
		{A94EC12D-0693-459E-88DE-A26A4358F351}.Release|Any CPU.ActiveCfg = Release|Any CPU
		{A94EC12D-0693-459E-88DE-A26A4358F351}.Release|Any CPU.Build.0 = Release|Any CPU
	EndGlobalSection
	GlobalSection(SolutionProperties) = preSolution
		HideSolutionNode = FALSE
	EndGlobalSection
	GlobalSection(NestedProjects) = preSolution
		{0CBEBFAF-316D-4486-8B43-9EF4DD7A21FA} = {C6706B28-9106-47B6-8E7F-33ED5E5E3F22}
		{20D1D66A-DCD1-449C-A55E-A9778C90BA4A} = {C6706B28-9106-47B6-8E7F-33ED5E5E3F22}
		{F593AF7C-2F5F-4CE0-A7D1-7795B3BF8FFB} = {C6706B28-9106-47B6-8E7F-33ED5E5E3F22}
		{8399552D-204D-4D95-A0DE-B0C6BE6642CC} = {C6706B28-9106-47B6-8E7F-33ED5E5E3F22}
		{46070A65-392F-4864-AC1C-F5331BAAD27D} = {C6706B28-9106-47B6-8E7F-33ED5E5E3F22}
		{A94EC12D-0693-459E-88DE-A26A4358F351} = {C6706B28-9106-47B6-8E7F-33ED5E5E3F22}
	EndGlobalSection
	GlobalSection(ExtensibilityGlobals) = postSolution
		SolutionGuid = {4E580B1C-CF15-4138-9B32-E5F580D79387}
	EndGlobalSection
EndGlobal
